
Microsoft Visual Studio Solution File, Format Version 12.00
# Visual Studio Version 17
VisualStudioVersion = 17.14.36202.13 d17.14
MinimumVisualStudioVersion = 10.0.40219.1
Project("{FAE04EC0-301F-11D3-BF4B-00C04F79EFBC}") = "WorkflowRBC", "WorkflowRBC\WorkflowRBC.csproj", "{39F6B51C-DD8E-4FE0-9F46-04FF92DB5B14}"
EndProject
Project("{FAE04EC0-301F-11D3-BF4B-00C04F79EFBC}") = "DataAccess", "DataAccess\DataAccess.csproj", "{098CDFAD-742C-48BB-BFF3-E0F519D630FD}"
EndProject
Project("{FAE04EC0-301F-11D3-BF4B-00C04F79EFBC}") = "Services", "Services\Services.csproj", "{15BF4B3A-9328-4348-A50E-188DA42FE88C}"
EndProject
Global
	GlobalSection(SolutionConfigurationPlatforms) = preSolution
		Debug|Any CPU = Debug|Any CPU
		Release|Any CPU = Release|Any CPU
	EndGlobalSection
	GlobalSection(ProjectConfigurationPlatforms) = postSolution
		{39F6B51C-DD8E-4FE0-9F46-04FF92DB5B14}.Debug|Any CPU.ActiveCfg = Debug|Any CPU
		{39F6B51C-DD8E-4FE0-9F46-04FF92DB5B14}.Debug|Any CPU.Build.0 = Debug|Any CPU
		{39F6B51C-DD8E-4FE0-9F46-04FF92DB5B14}.Release|Any CPU.ActiveCfg = Release|Any CPU
		{39F6B51C-DD8E-4FE0-9F46-04FF92DB5B14}.Release|Any CPU.Build.0 = Release|Any CPU
		{098CDFAD-742C-48BB-BFF3-E0F519D630FD}.Debug|Any CPU.ActiveCfg = Debug|Any CPU
		{098CDFAD-742C-48BB-BFF3-E0F519D630FD}.Debug|Any CPU.Build.0 = Debug|Any CPU
		{098CDFAD-742C-48BB-BFF3-E0F519D630FD}.Release|Any CPU.ActiveCfg = Release|Any CPU
		{098CDFAD-742C-48BB-BFF3-E0F519D630FD}.Release|Any CPU.Build.0 = Release|Any CPU
		{15BF4B3A-9328-4348-A50E-188DA42FE88C}.Debug|Any CPU.ActiveCfg = Debug|Any CPU
		{15BF4B3A-9328-4348-A50E-188DA42FE88C}.Debug|Any CPU.Build.0 = Debug|Any CPU
		{15BF4B3A-9328-4348-A50E-188DA42FE88C}.Release|Any CPU.ActiveCfg = Release|Any CPU
		{15BF4B3A-9328-4348-A50E-188DA42FE88C}.Release|Any CPU.Build.0 = Release|Any CPU
	EndGlobalSection
	GlobalSection(SolutionProperties) = preSolution
		HideSolutionNode = FALSE
	EndGlobalSection
	GlobalSection(ExtensibilityGlobals) = postSolution
		SolutionGuid = {4C778AD2-C8B9-45C3-9FC9-1ECC005B38E9}
	EndGlobalSection
EndGlobal
